
Microsoft Visual Studio Solution File, Format Version 12.00
# Visual Studio 2012
Project("{FAE04EC0-301F-11D3-BF4B-00C04F79EFBC}") = "iCampusManager", "iCampusManager\iCampusManager.csproj", "{C25C6DE8-29B6-4BD6-A8B3-F79C822191A0}"
EndProject
Global
	GlobalSection(TeamFoundationVersionControl) = preSolution
		SccNumberOfProjects = 2
		SccEnterpriseProvider = {4CA58AB2-18FA-4F8D-95D4-32DDF27D184C}
		SccTeamFoundationServer = http://tfserver.ischool.com.tw:8080/tfs/tfs2008
		SccLocalPath0 = .
		SccProjectUniqueName1 = iCampusManager\\iCampusManager.csproj
		SccProjectName1 = iCampusManager
		SccLocalPath1 = iCampusManager
	EndGlobalSection
	GlobalSection(SolutionConfigurationPlatforms) = preSolution
		Debug|Any CPU = Debug|Any CPU
		Release|Any CPU = Release|Any CPU
	EndGlobalSection
	GlobalSection(ProjectConfigurationPlatforms) = postSolution
		{C25C6DE8-29B6-4BD6-A8B3-F79C822191A0}.Debug|Any CPU.ActiveCfg = Debug|Any CPU
		{C25C6DE8-29B6-4BD6-A8B3-F79C822191A0}.Debug|Any CPU.Build.0 = Debug|Any CPU
		{C25C6DE8-29B6-4BD6-A8B3-F79C822191A0}.Release|Any CPU.ActiveCfg = Release|Any CPU
		{C25C6DE8-29B6-4BD6-A8B3-F79C822191A0}.Release|Any CPU.Build.0 = Release|Any CPU
	EndGlobalSection
	GlobalSection(SolutionProperties) = preSolution
		HideSolutionNode = FALSE
	EndGlobalSection
EndGlobal
